
Microsoft Visual Studio Solution File, Format Version 12.00
# Visual Studio Version 17
VisualStudioVersion = 17.7.34003.232
MinimumVisualStudioVersion = 10.0.40219.1
Project("{FAE04EC0-301F-11D3-BF4B-00C04F79EFBC}") = "bai6_chuong3", "bai6_chuong3\bai6_chuong3.csproj", "{BEEC0F18-7093-4FEA-A4D3-AF94A2CB752D}"
EndProject
Global
	GlobalSection(SolutionConfigurationPlatforms) = preSolution
		Debug|Any CPU = Debug|Any CPU
		Release|Any CPU = Release|Any CPU
	EndGlobalSection
	GlobalSection(ProjectConfigurationPlatforms) = postSolution
		{BEEC0F18-7093-4FEA-A4D3-AF94A2CB752D}.Debug|Any CPU.ActiveCfg = Debug|Any CPU
		{BEEC0F18-7093-4FEA-A4D3-AF94A2CB752D}.Debug|Any CPU.Build.0 = Debug|Any CPU
		{BEEC0F18-7093-4FEA-A4D3-AF94A2CB752D}.Release|Any CPU.ActiveCfg = Release|Any CPU
		{BEEC0F18-7093-4FEA-A4D3-AF94A2CB752D}.Release|Any CPU.Build.0 = Release|Any CPU
	EndGlobalSection
	GlobalSection(SolutionProperties) = preSolution
		HideSolutionNode = FALSE
	EndGlobalSection
	GlobalSection(ExtensibilityGlobals) = postSolution
		SolutionGuid = {C835ACDD-A468-4191-9B43-BB4D5D55068C}
	EndGlobalSection
EndGlobal
